
Microsoft Visual Studio Solution File, Format Version 12.00
# Visual Studio Version 17
VisualStudioVersion = 17.5.33414.496
MinimumVisualStudioVersion = 10.0.40219.1
Project("{FAE04EC0-301F-11D3-BF4B-00C04F79EFBC}") = "PTMKTestTask", "PTMKTestTask.csproj", "{B271B235-C306-4446-A007-35D3653A80AF}"
EndProject
Global
	GlobalSection(SolutionConfigurationPlatforms) = preSolution
		Debug|Any CPU = Debug|Any CPU
		Release|Any CPU = Release|Any CPU
	EndGlobalSection
	GlobalSection(ProjectConfigurationPlatforms) = postSolution
		{B271B235-C306-4446-A007-35D3653A80AF}.Debug|Any CPU.ActiveCfg = Debug|Any CPU
		{B271B235-C306-4446-A007-35D3653A80AF}.Debug|Any CPU.Build.0 = Debug|Any CPU
		{B271B235-C306-4446-A007-35D3653A80AF}.Release|Any CPU.ActiveCfg = Release|Any CPU
		{B271B235-C306-4446-A007-35D3653A80AF}.Release|Any CPU.Build.0 = Release|Any CPU
	EndGlobalSection
	GlobalSection(SolutionProperties) = preSolution
		HideSolutionNode = FALSE
	EndGlobalSection
	GlobalSection(ExtensibilityGlobals) = postSolution
		SolutionGuid = {A9C70E5F-E8DE-4737-B127-9FE964AD3C39}
	EndGlobalSection
EndGlobal
